{
  "nodes": {
    "home-manager": {
      "inputs": {
        "nixpkgs": [
          "nixpkgs"
        ]
      },
      "locked": {
        "lastModified": 1696371324,
        "narHash": "sha256-0ycIheYRxzPOL9XBWiAm/af9cqRmsiy701OpjsRsKiw=",
        "owner": "nix-community",
        "repo": "home-manager",
        "rev": "e63c30fe9792b57dea1eab98be6871a0e42a33c9",
        "type": "github"
      },
      "original": {
        "owner": "nix-community",
        "repo": "home-manager",
        "type": "github"
      }
    },
    "nixpkgs": {
      "locked": {
        "lastModified": 1696261572,
        "narHash": "sha256-s8TtSYJ1LBpuITXjbPLUPyxzAKw35LhETcajJjCS5f0=",
        "owner": "nixos",
        "repo": "nixpkgs",
        "rev": "0c7ffbc66e6d78c50c38e717ec91a2a14e0622fb",
        "type": "github"
      },
      "original": {
        "owner": "nixos",
        "ref": "nixpkgs-unstable",
        "repo": "nixpkgs",
        "type": "github"
      }
    },
    "root": {
      "inputs": {
        "home-manager": "home-manager",
        "nixpkgs": "nixpkgs"
      }
    }
  },
  "root": "root",
  "version": 7
}
